// !$*UTF8*$!
{
	archiveVersion = 1;
	classes = {
	};
	objectVersion = 56;
	objects = {

/* Begin PBXBuildFile section */
		2A1B0C8F29D85AFB00564577 /* NavigationBar.swift in Sources */ = {isa = PBXBuildFile; fileRef = 2A1B0C8E29D85AFB00564577 /* NavigationBar.swift */; };
		2A1B0C9229D85D4500564577 /* ActionTriggerView.swift in Sources */ = {isa = PBXBuildFile; fileRef = 2A1B0C9129D85D4500564577 /* ActionTriggerView.swift */; };
		2A1B0C9429D869DB00564577 /* Colors.swift in Sources */ = {isa = PBXBuildFile; fileRef = 2A1B0C9329D869DB00564577 /* Colors.swift */; };
		2AA199A229D841DD00718433 /* StateShizzleApp.swift in Sources */ = {isa = PBXBuildFile; fileRef = 2AA199A129D841DD00718433 /* StateShizzleApp.swift */; };
		2AA199A429D841DD00718433 /* ContentView.swift in Sources */ = {isa = PBXBuildFile; fileRef = 2AA199A329D841DD00718433 /* ContentView.swift */; };
		2AA199A629D841E000718433 /* Assets.xcassets in Resources */ = {isa = PBXBuildFile; fileRef = 2AA199A529D841E000718433 /* Assets.xcassets */; };
		2AA199A929D841E000718433 /* Preview Assets.xcassets in Resources */ = {isa = PBXBuildFile; fileRef = 2AA199A829D841E000718433 /* Preview Assets.xcassets */; };
		2AA199B129D8432B00718433 /* PlayerControlView.swift in Sources */ = {isa = PBXBuildFile; fileRef = 2AA199B029D8432B00718433 /* PlayerControlView.swift */; };
		2AA199B329D8436100718433 /* PlayerControlViewModel.swift in Sources */ = {isa = PBXBuildFile; fileRef = 2AA199B229D8436100718433 /* PlayerControlViewModel.swift */; };
		2AA199B629D84BB700718433 /* XYPlayer.swift in Sources */ = {isa = PBXBuildFile; fileRef = 2AA199B529D84BB700718433 /* XYPlayer.swift */; };
/* End PBXBuildFile section */

/* Begin PBXFileReference section */
		2A1B0C8E29D85AFB00564577 /* NavigationBar.swift */ = {isa = PBXFileReference; lastKnownFileType = sourcecode.swift; path = NavigationBar.swift; sourceTree = "<group>"; };
		2A1B0C9129D85D4500564577 /* ActionTriggerView.swift */ = {isa = PBXFileReference; lastKnownFileType = sourcecode.swift; path = ActionTriggerView.swift; sourceTree = "<group>"; };
		2A1B0C9329D869DB00564577 /* Colors.swift */ = {isa = PBXFileReference; lastKnownFileType = sourcecode.swift; path = Colors.swift; sourceTree = "<group>"; };
		2AA1999E29D841DD00718433 /* StateShizzle.app */ = {isa = PBXFileReference; explicitFileType = wrapper.application; includeInIndex = 0; path = StateShizzle.app; sourceTree = BUILT_PRODUCTS_DIR; };
		2AA199A129D841DD00718433 /* StateShizzleApp.swift */ = {isa = PBXFileReference; lastKnownFileType = sourcecode.swift; path = StateShizzleApp.swift; sourceTree = "<group>"; };
		2AA199A329D841DD00718433 /* ContentView.swift */ = {isa = PBXFileReference; lastKnownFileType = sourcecode.swift; path = ContentView.swift; sourceTree = "<group>"; };
		2AA199A529D841E000718433 /* Assets.xcassets */ = {isa = PBXFileReference; lastKnownFileType = folder.assetcatalog; path = Assets.xcassets; sourceTree = "<group>"; };
		2AA199A829D841E000718433 /* Preview Assets.xcassets */ = {isa = PBXFileReference; lastKnownFileType = folder.assetcatalog; path = "Preview Assets.xcassets"; sourceTree = "<group>"; };
		2AA199AF29D842BA00718433 /* Info.plist */ = {isa = PBXFileReference; lastKnownFileType = text.plist; path = Info.plist; sourceTree = "<group>"; };
		2AA199B029D8432B00718433 /* PlayerControlView.swift */ = {isa = PBXFileReference; lastKnownFileType = sourcecode.swift; path = PlayerControlView.swift; sourceTree = "<group>"; };
		2AA199B229D8436100718433 /* PlayerControlViewModel.swift */ = {isa = PBXFileReference; lastKnownFileType = sourcecode.swift; path = PlayerControlViewModel.swift; sourceTree = "<group>"; };
		2AA199B529D84BB700718433 /* XYPlayer.swift */ = {isa = PBXFileReference; lastKnownFileType = sourcecode.swift; path = XYPlayer.swift; sourceTree = "<group>"; };
/* End PBXFileReference section */

/* Begin PBXFrameworksBuildPhase section */
		2AA1999B29D841DD00718433 /* Frameworks */ = {
			isa = PBXFrameworksBuildPhase;
			buildActionMask = 2147483647;
			files = (
			);
			runOnlyForDeploymentPostprocessing = 0;
		};
/* End PBXFrameworksBuildPhase section */

/* Begin PBXGroup section */
		2A1B0C9029D85D0700564577 /* UIComponents */ = {
			isa = PBXGroup;
			children = (
				2A1B0C8E29D85AFB00564577 /* NavigationBar.swift */,
				2A1B0C9129D85D4500564577 /* ActionTriggerView.swift */,
				2A1B0C9329D869DB00564577 /* Colors.swift */,
			);
			path = UIComponents;
			sourceTree = "<group>";
		};
		2AA1999529D841DD00718433 = {
			isa = PBXGroup;
			children = (
				2AA199A029D841DD00718433 /* StateShizzle */,
				2AA1999F29D841DD00718433 /* Products */,
			);
			sourceTree = "<group>";
		};
		2AA1999F29D841DD00718433 /* Products */ = {
			isa = PBXGroup;
			children = (
				2AA1999E29D841DD00718433 /* StateShizzle.app */,
			);
			name = Products;
			sourceTree = "<group>";
		};
		2AA199A029D841DD00718433 /* StateShizzle */ = {
			isa = PBXGroup;
			children = (
				2AA199A129D841DD00718433 /* StateShizzleApp.swift */,
				2AA199A329D841DD00718433 /* ContentView.swift */,
				2AA199B429D8438700718433 /* Player */,
				2A1B0C9029D85D0700564577 /* UIComponents */,
				2AA199A529D841E000718433 /* Assets.xcassets */,
				2AA199AF29D842BA00718433 /* Info.plist */,
				2AA199A729D841E000718433 /* Preview Content */,
			);
			path = StateShizzle;
			sourceTree = "<group>";
		};
		2AA199A729D841E000718433 /* Preview Content */ = {
			isa = PBXGroup;
			children = (
				2AA199A829D841E000718433 /* Preview Assets.xcassets */,
			);
			path = "Preview Content";
			sourceTree = "<group>";
		};
		2AA199B429D8438700718433 /* Player */ = {
			isa = PBXGroup;
			children = (
				2AA199B229D8436100718433 /* PlayerControlViewModel.swift */,
				2AA199B029D8432B00718433 /* PlayerControlView.swift */,
				2AA199B529D84BB700718433 /* XYPlayer.swift */,
			);
			path = Player;
			sourceTree = "<group>";
		};
/* End PBXGroup section */

/* Begin PBXNativeTarget section */
		2AA1999D29D841DD00718433 /* StateShizzle */ = {
			isa = PBXNativeTarget;
			buildConfigurationList = 2AA199AC29D841E000718433 /* Build configuration list for PBXNativeTarget "StateShizzle" */;
			buildPhases = (
				2AA1999A29D841DD00718433 /* Sources */,
				2AA1999B29D841DD00718433 /* Frameworks */,
				2AA1999C29D841DD00718433 /* Resources */,
			);
			buildRules = (
			);
			dependencies = (
			);
			name = StateShizzle;
			productName = StateShizzle;
			productReference = 2AA1999E29D841DD00718433 /* StateShizzle.app */;
			productType = "com.apple.product-type.application";
		};
/* End PBXNativeTarget section */

/* Begin PBXProject section */
		2AA1999629D841DD00718433 /* Project object */ = {
			isa = PBXProject;
			attributes = {
				BuildIndependentTargetsInParallel = 1;
				LastSwiftUpdateCheck = 1420;
				LastUpgradeCheck = 1420;
				TargetAttributes = {
					2AA1999D29D841DD00718433 = {
						CreatedOnToolsVersion = 14.2;
					};
				};
			};
			buildConfigurationList = 2AA1999929D841DD00718433 /* Build configuration list for PBXProject "StateShizzle" */;
			compatibilityVersion = "Xcode 14.0";
			developmentRegion = en;
			hasScannedForEncodings = 0;
			knownRegions = (
				en,
				Base,
			);
			mainGroup = 2AA1999529D841DD00718433;
			productRefGroup = 2AA1999F29D841DD00718433 /* Products */;
			projectDirPath = "";
			projectRoot = "";
			targets = (
				2AA1999D29D841DD00718433 /* StateShizzle */,
			);
		};
/* End PBXProject section */

/* Begin PBXResourcesBuildPhase section */
		2AA1999C29D841DD00718433 /* Resources */ = {
			isa = PBXResourcesBuildPhase;
			buildActionMask = 2147483647;
			files = (
				2AA199A929D841E000718433 /* Preview Assets.xcassets in Resources */,
				2AA199A629D841E000718433 /* Assets.xcassets in Resources */,
			);
			runOnlyForDeploymentPostprocessing = 0;
		};
/* End PBXResourcesBuildPhase section */

/* Begin PBXSourcesBuildPhase section */
		2AA1999A29D841DD00718433 /* Sources */ = {
			isa = PBXSourcesBuildPhase;
			buildActionMask = 2147483647;
			files = (
				2AA199B129D8432B00718433 /* PlayerControlView.swift in Sources */,
				2A1B0C9429D869DB00564577 /* Colors.swift in Sources */,
				2AA199B629D84BB700718433 /* XYPlayer.swift in Sources */,
				2AA199B329D8436100718433 /* PlayerControlViewModel.swift in Sources */,
				2AA199A429D841DD00718433 /* ContentView.swift in Sources */,
				2AA199A229D841DD00718433 /* StateShizzleApp.swift in Sources */,
				2A1B0C9229D85D4500564577 /* ActionTriggerView.swift in Sources */,
				2A1B0C8F29D85AFB00564577 /* NavigationBar.swift in Sources */,
			);
			runOnlyForDeploymentPostprocessing = 0;
		};
/* End PBXSourcesBuildPhase section */

/* Begin XCBuildConfiguration section */
		2AA199AA29D841E000718433 /* Debug */ = {
			isa = XCBuildConfiguration;
			buildSettings = {
				ALWAYS_SEARCH_USER_PATHS = NO;
				CLANG_ANALYZER_NONNULL = YES;
				CLANG_ANALYZER_NUMBER_OBJECT_CONVERSION = YES_AGGRESSIVE;
				CLANG_CXX_LANGUAGE_STANDARD = "gnu++20";
				CLANG_ENABLE_MODULES = YES;
				CLANG_ENABLE_OBJC_ARC = YES;
				CLANG_ENABLE_OBJC_WEAK = YES;
				CLANG_WARN_BLOCK_CAPTURE_AUTORELEASING = YES;
				CLANG_WARN_BOOL_CONVERSION = YES;
				CLANG_WARN_COMMA = YES;
				CLANG_WARN_CONSTANT_CONVERSION = YES;
				CLANG_WARN_DEPRECATED_OBJC_IMPLEMENTATIONS = YES;
				CLANG_WARN_DIRECT_OBJC_ISA_USAGE = YES_ERROR;
				CLANG_WARN_DOCUMENTATION_COMMENTS = YES;
				CLANG_WARN_EMPTY_BODY = YES;
				CLANG_WARN_ENUM_CONVERSION = YES;
				CLANG_WARN_INFINITE_RECURSION = YES;
				CLANG_WARN_INT_CONVERSION = YES;
				CLANG_WARN_NON_LITERAL_NULL_CONVERSION = YES;
				CLANG_WARN_OBJC_IMPLICIT_RETAIN_SELF = YES;
				CLANG_WARN_OBJC_LITERAL_CONVERSION = YES;
				CLANG_WARN_OBJC_ROOT_CLASS = YES_ERROR;
				CLANG_WARN_QUOTED_INCLUDE_IN_FRAMEWORK_HEADER = YES;
				CLANG_WARN_RANGE_LOOP_ANALYSIS = YES;
				CLANG_WARN_STRICT_PROTOTYPES = YES;
				CLANG_WARN_SUSPICIOUS_MOVE = YES;
				CLANG_WARN_UNGUARDED_AVAILABILITY = YES_AGGRESSIVE;
				CLANG_WARN_UNREACHABLE_CODE = YES;
				CLANG_WARN__DUPLICATE_METHOD_MATCH = YES;
				COPY_PHASE_STRIP = NO;
				DEBUG_INFORMATION_FORMAT = dwarf;
				ENABLE_STRICT_OBJC_MSGSEND = YES;
				ENABLE_TESTABILITY = YES;
				GCC_C_LANGUAGE_STANDARD = gnu11;
				GCC_DYNAMIC_NO_PIC = NO;
				GCC_NO_COMMON_BLOCKS = YES;
				GCC_OPTIMIZATION_LEVEL = 0;
				GCC_PREPROCESSOR_DEFINITIONS = (
					"DEBUG=1",
					"$(inherited)",
				);
				GCC_WARN_64_TO_32_BIT_CONVERSION = YES;
				GCC_WARN_ABOUT_RETURN_TYPE = YES_ERROR;
				GCC_WARN_UNDECLARED_SELECTOR = YES;
				GCC_WARN_UNINITIALIZED_AUTOS = YES_AGGRESSIVE;
				GCC_WARN_UNUSED_FUNCTION = YES;
				GCC_WARN_UNUSED_VARIABLE = YES;
				IPHONEOS_DEPLOYMENT_TARGET = 16.2;
				MTL_ENABLE_DEBUG_INFO = INCLUDE_SOURCE;
				MTL_FAST_MATH = YES;
				ONLY_ACTIVE_ARCH = YES;
				SDKROOT = iphoneos;
				SWIFT_ACTIVE_COMPILATION_CONDITIONS = DEBUG;
				SWIFT_OPTIMIZATION_LEVEL = "-Onone";
			};
			name = Debug;
		};
		2AA199AB29D841E000718433 /* Release */ = {
			isa = XCBuildConfiguration;
			buildSettings = {
				ALWAYS_SEARCH_USER_PATHS = NO;
				CLANG_ANALYZER_NONNULL = YES;
				CLANG_ANALYZER_NUMBER_OBJECT_CONVERSION = YES_AGGRESSIVE;
				CLANG_CXX_LANGUAGE_STANDARD = "gnu++20";
				CLANG_ENABLE_MODULES = YES;
				CLANG_ENABLE_OBJC_ARC = YES;
				CLANG_ENABLE_OBJC_WEAK = YES;
				CLANG_WARN_BLOCK_CAPTURE_AUTORELEASING = YES;
				CLANG_WARN_BOOL_CONVERSION = YES;
				CLANG_WARN_COMMA = YES;
				CLANG_WARN_CONSTANT_CONVERSION = YES;
				CLANG_WARN_DEPRECATED_OBJC_IMPLEMENTATIONS = YES;
				CLANG_WARN_DIRECT_OBJC_ISA_USAGE = YES_ERROR;
				CLANG_WARN_DOCUMENTATION_COMMENTS = YES;
				CLANG_WARN_EMPTY_BODY = YES;
				CLANG_WARN_ENUM_CONVERSION = YES;
				CLANG_WARN_INFINITE_RECURSION = YES;
				CLANG_WARN_INT_CONVERSION = YES;
				CLANG_WARN_NON_LITERAL_NULL_CONVERSION = YES;
				CLANG_WARN_OBJC_IMPLICIT_RETAIN_SELF = YES;
				CLANG_WARN_OBJC_LITERAL_CONVERSION = YES;
				CLANG_WARN_OBJC_ROOT_CLASS = YES_ERROR;
				CLANG_WARN_QUOTED_INCLUDE_IN_FRAMEWORK_HEADER = YES;
				CLANG_WARN_RANGE_LOOP_ANALYSIS = YES;
				CLANG_WARN_STRICT_PROTOTYPES = YES;
				CLANG_WARN_SUSPICIOUS_MOVE = YES;
				CLANG_WARN_UNGUARDED_AVAILABILITY = YES_AGGRESSIVE;
				CLANG_WARN_UNREACHABLE_CODE = YES;
				CLANG_WARN__DUPLICATE_METHOD_MATCH = YES;
				COPY_PHASE_STRIP = NO;
				DEBUG_INFORMATION_FORMAT = "dwarf-with-dsym";
				ENABLE_NS_ASSERTIONS = NO;
				ENABLE_STRICT_OBJC_MSGSEND = YES;
				GCC_C_LANGUAGE_STANDARD = gnu11;
				GCC_NO_COMMON_BLOCKS = YES;
				GCC_WARN_64_TO_32_BIT_CONVERSION = YES;
				GCC_WARN_ABOUT_RETURN_TYPE = YES_ERROR;
				GCC_WARN_UNDECLARED_SELECTOR = YES;
				GCC_WARN_UNINITIALIZED_AUTOS = YES_AGGRESSIVE;
				GCC_WARN_UNUSED_FUNCTION = YES;
				GCC_WARN_UNUSED_VARIABLE = YES;
				IPHONEOS_DEPLOYMENT_TARGET = 16.2;
				MTL_ENABLE_DEBUG_INFO = NO;
				MTL_FAST_MATH = YES;
				SDKROOT = iphoneos;
				SWIFT_COMPILATION_MODE = wholemodule;
				SWIFT_OPTIMIZATION_LEVEL = "-O";
				VALIDATE_PRODUCT = YES;
			};
			name = Release;
		};
		2AA199AD29D841E000718433 /* Debug */ = {
			isa = XCBuildConfiguration;
			buildSettings = {
				ASSETCATALOG_COMPILER_APPICON_NAME = AppIcon;
				ASSETCATALOG_COMPILER_GLOBAL_ACCENT_COLOR_NAME = AccentColor;
				CODE_SIGN_STYLE = Automatic;
				CURRENT_PROJECT_VERSION = 1;
				DEVELOPMENT_ASSET_PATHS = "\"StateShizzle/Preview Content\"";
				ENABLE_PREVIEWS = YES;
				GENERATE_INFOPLIST_FILE = YES;
				INFOPLIST_FILE = StateShizzle/Info.plist;
				INFOPLIST_KEY_UIApplicationSupportsIndirectInputEvents = YES;
				INFOPLIST_KEY_UILaunchScreen_Generation = YES;
				INFOPLIST_KEY_UISupportedInterfaceOrientations_iPad = "UIInterfaceOrientationPortrait UIInterfaceOrientationPortraitUpsideDown UIInterfaceOrientationLandscapeLeft UIInterfaceOrientationLandscapeRight";
				INFOPLIST_KEY_UISupportedInterfaceOrientations_iPhone = "UIInterfaceOrientationPortrait UIInterfaceOrientationLandscapeLeft UIInterfaceOrientationLandscapeRight";
				LD_RUNPATH_SEARCH_PATHS = (
					"$(inherited)",
					"@executable_path/Frameworks",
				);
				MARKETING_VERSION = 1.0;
				PRODUCT_BUNDLE_IDENTIFIER = com.stepan.vardanyan.StateShizzle;
				PRODUCT_NAME = "$(TARGET_NAME)";
				SUPPORTED_PLATFORMS = "iphoneos iphonesimulator";
				SUPPORTS_MACCATALYST = NO;
				SUPPORTS_MAC_DESIGNED_FOR_IPHONE_IPAD = NO;
				SWIFT_EMIT_LOC_STRINGS = YES;
				SWIFT_VERSION = 5.0;
				TARGETED_DEVICE_FAMILY = 1;
			};
			name = Debug;
		};
		2AA199AE29D841E000718433 /* Release */ = {
			isa = XCBuildConfiguration;
			buildSettings = {
				ASSETCATALOG_COMPILER_APPICON_NAME = AppIcon;
				ASSETCATALOG_COMPILER_GLOBAL_ACCENT_COLOR_NAME = AccentColor;
				CODE_SIGN_STYLE = Automatic;
				CURRENT_PROJECT_VERSION = 1;
				DEVELOPMENT_ASSET_PATHS = "\"StateShizzle/Preview Content\"";
				ENABLE_PREVIEWS = YES;
				GENERATE_INFOPLIST_FILE = YES;
				INFOPLIST_FILE = StateShizzle/Info.plist;
				INFOPLIST_KEY_UIApplicationSupportsIndirectInputEvents = YES;
				INFOPLIST_KEY_UILaunchScreen_Generation = YES;
				INFOPLIST_KEY_UISupportedInterfaceOrientations_iPad = "UIInterfaceOrientationPortrait UIInterfaceOrientationPortraitUpsideDown UIInterfaceOrientationLandscapeLeft UIInterfaceOrientationLandscapeRight";
				INFOPLIST_KEY_UISupportedInterfaceOrientations_iPhone = "UIInterfaceOrientationPortrait UIInterfaceOrientationLandscapeLeft UIInterfaceOrientationLandscapeRight";
				LD_RUNPATH_SEARCH_PATHS = (
					"$(inherited)",
					"@executable_path/Frameworks",
				);
				MARKETING_VERSION = 1.0;
				PRODUCT_BUNDLE_IDENTIFIER = com.stepan.vardanyan.StateShizzle;
				PRODUCT_NAME = "$(TARGET_NAME)";
				SUPPORTED_PLATFORMS = "iphoneos iphonesimulator";
				SUPPORTS_MACCATALYST = NO;
				SUPPORTS_MAC_DESIGNED_FOR_IPHONE_IPAD = NO;
				SWIFT_EMIT_LOC_STRINGS = YES;
				SWIFT_VERSION = 5.0;
				TARGETED_DEVICE_FAMILY = 1;
			};
			name = Release;
		};
/* End XCBuildConfiguration section */

/* Begin XCConfigurationList section */
		2AA1999929D841DD00718433 /* Build configuration list for PBXProject "StateShizzle" */ = {
			isa = XCConfigurationList;
			buildConfigurations = (
				2AA199AA29D841E000718433 /* Debug */,
				2AA199AB29D841E000718433 /* Release */,
			);
			defaultConfigurationIsVisible = 0;
			defaultConfigurationName = Release;
		};
		2AA199AC29D841E000718433 /* Build configuration list for PBXNativeTarget "StateShizzle" */ = {
			isa = XCConfigurationList;
			buildConfigurations = (
				2AA199AD29D841E000718433 /* Debug */,
				2AA199AE29D841E000718433 /* Release */,
			);
			defaultConfigurationIsVisible = 0;
			defaultConfigurationName = Release;
		};
/* End XCConfigurationList section */
	};
	rootObject = 2AA1999629D841DD00718433 /* Project object */;
}
